{
  "name": "@dra2020/fn-layer",
  "version": "1.0.1",
  "lockfileVersion": 1,
  "requires": true,
  "dependencies": {
    "@dra2020/compactness": {
      "version": "1.1.7",
      "resolved": "https://registry.npmjs.org/@dra2020/compactness/-/compactness-1.1.7.tgz",
      "integrity": "sha512-OjOtX4jlS/SzeWEcdSZncQ2DPDmcI6CdjbtXnGC+k34tFUqeLM+zsxSmiO+Vaz297gA8YdnVYGbHqlvXI1EC8Q==",
      "requires": {
        "@dra2020/poly": "^1.7.2",
        "@dra2020/util": "^1.0.54",
        "geojson": "^0.5.0"
      }
    },
    "@dra2020/context": {
      "version": "1.0.15",
      "resolved": "https://registry.npmjs.org/@dra2020/context/-/context-1.0.15.tgz",
      "integrity": "sha512-25smpaSbuV/xLKFguOgVxvwBIRGQ9zGc1fKP7KmPOBrWvwDOie78ZQI4jhXjDNJu5l8AsmEsqZIBSeHs+b2wzw==",
      "requires": {
        "@dra2020/util": "^1.1.2"
      }
    },
    "@dra2020/dbabstract": {
      "version": "2.0.1",
      "resolved": "https://registry.npmjs.org/@dra2020/dbabstract/-/dbabstract-2.0.1.tgz",
      "integrity": "sha512-gF5uSFrnYKAxYhGELQFjoJF4eoxyIz6QwxavJTUP5++RudsX7pdeOQeSyldOiCCjsJJsRbqFL78t5gU+mcWomQ==",
      "requires": {
        "@dra2020/context": "^1.0.15",
        "@dra2020/fsm": "^1.3.2",
        "@dra2020/logabstract": "^1.0.16",
        "@dra2020/storage": "^2.0.2",
        "@dra2020/util": "^1.1.2"
      }
    },
    "@dra2020/dbdynamo": {
      "version": "2.0.1",
      "resolved": "https://registry.npmjs.org/@dra2020/dbdynamo/-/dbdynamo-2.0.1.tgz",
      "integrity": "sha512-LsZ7umHQH5UGFbNtDzSa54xepAHzqc4akGei+SrE7RyYVHjT5A9cthlnWcm7Z4D1OXuZt9sLI8dxriaC4keQ7Q==",
      "requires": {
        "@dra2020/context": "^1.0.15",
        "@dra2020/dbabstract": "^2.0.1",
        "@dra2020/dra-types": "^1.6.5",
        "@dra2020/fsm": "^1.3.2",
        "@dra2020/logabstract": "^1.0.16",
        "@dra2020/logclient": "^1.0.13",
        "@dra2020/storage": "^2.0.2",
        "@dra2020/util": "^1.1.2",
        "aws-sdk": "^2.810.0"
      }
    },
    "@dra2020/district-analytics": {
      "version": "10.5.2",
      "resolved": "https://registry.npmjs.org/@dra2020/district-analytics/-/district-analytics-10.5.2.tgz",
      "integrity": "sha512-yUv0ehcIXGpgHP4mLeYeYE3bw5fi2ufuGLwCjxvhhIcaRZz1FE//RBLfhS+WxyXshzJAM7Jyrj48UpFQRfj/EA==",
      "requires": {
        "@dra2020/compactness": "^1.1.7",
        "@dra2020/dra-graph": "^1.0.4",
        "@dra2020/dra-score": "^10.0.10",
        "@dra2020/dra-types": "^1.6.6",
        "@dra2020/poly": "^1.7.25",
        "@dra2020/racial-voting": "^1.1.1",
        "@dra2020/util": "^1.1.3",
        "geojson": "^0.5.0"
      }
    },
    "@dra2020/dra-graph": {
      "version": "1.0.4",
      "resolved": "https://registry.npmjs.org/@dra2020/dra-graph/-/dra-graph-1.0.4.tgz",
      "integrity": "sha512-VrBMjIjNFoyHpmkSqUXodL7auwl+IH/t3MdvyE2Iv1TO5sAb8AGUWl4ge//rnPmS+Kzs2H5yHgyKPlBYO39lvQ==",
      "requires": {
        "@dra2020/util": "^1.0.54"
      }
    },
    "@dra2020/dra-score": {
      "version": "10.0.10",
      "resolved": "https://registry.npmjs.org/@dra2020/dra-score/-/dra-score-10.0.10.tgz",
      "integrity": "sha512-68xAaZdoUk2AEr/xjjkMUx4p1RbQvIYrpGYWrk3epabhNtIdmNfDnXumLNR+XUoFIMVxcuKQdkzPDeTyLUC8Dg==",
      "requires": {
        "@dra2020/compactness": "^1.1.7",
        "@dra2020/util": "^1.0.50"
      }
    },
    "@dra2020/dra-types": {
      "version": "1.6.6",
      "resolved": "https://registry.npmjs.org/@dra2020/dra-types/-/dra-types-1.6.6.tgz",
      "integrity": "sha512-pfhaOWuhozSFG2ebgOzZgAtPWzO+iJKQXnfcmi9289ddZV6DHd2xcLzI8C5WZDpLtv4zOpsnTisI065+Ka3gbQ==",
      "requires": {
        "@dra2020/util": "^1.1.2",
        "object-hash": "^2.0.3"
      }
    },
    "@dra2020/fsm": {
      "version": "1.3.3",
      "resolved": "https://registry.npmjs.org/@dra2020/fsm/-/fsm-1.3.3.tgz",
      "integrity": "sha512-Z723gO6XIwlmSkuTpFfrWp6yvHMH40277oa4wsE/CmWCa5/9MzKeFi4zcWOrcYGfr2CS3P4FVwQYZkIOhBJUZw==",
      "requires": {
        "@dra2020/util": "^1.1.3"
      }
    },
    "@dra2020/fsmfile": {
      "version": "1.2.1",
      "resolved": "https://registry.npmjs.org/@dra2020/fsmfile/-/fsmfile-1.2.1.tgz",
      "integrity": "sha512-VnyBnk3/bP523Jj/6/sZfow+AWFBeLhb1yWtSSDOGUo5wgPgmWlKkgijgd4DJKJnrIi9HESLxUB+YcRMZGDRPA==",
      "requires": {
        "@dra2020/context": "^1.0.15",
        "@dra2020/fsm": "^1.3.2",
        "@dra2020/jsonstream": "^1.1.5",
        "@dra2020/logabstract": "^1.0.16",
        "@dra2020/util": "^1.1.2"
      }
    },
    "@dra2020/jsonstream": {
      "version": "1.1.5",
      "resolved": "https://registry.npmjs.org/@dra2020/jsonstream/-/jsonstream-1.1.5.tgz",
      "integrity": "sha512-N5gj7Tsr7TYp006mKck0MRQfCs4HYQ2G0Jc+XN8aUsD3hZQzoE9P4vfgHqPYWgd3u9klgy7cnj0ybYC5IT9Q0g==",
      "requires": {
        "@dra2020/util": "^1.1.2"
      }
    },
    "@dra2020/lambda": {
      "version": "1.1.1",
      "resolved": "https://registry.npmjs.org/@dra2020/lambda/-/lambda-1.1.1.tgz",
      "integrity": "sha512-2xMeFjQs7JrhPCSiDy/y4CyHLITXAw/MeyTny182VIV3ONxeEvf8UaCRrXICrKCh5XYf7csDn7EaympGX05G+A==",
      "requires": {
        "@dra2020/context": "^1.0.15",
        "@dra2020/fsm": "^1.3.2",
        "@dra2020/logabstract": "^1.0.16",
        "@dra2020/util": "^1.1.2",
        "aws-sdk": "^2.810.0"
      }
    },
    "@dra2020/logabstract": {
      "version": "1.0.16",
      "resolved": "https://registry.npmjs.org/@dra2020/logabstract/-/logabstract-1.0.16.tgz",
      "integrity": "sha512-spoa4YFAytnEQAwl2rpc6/yoaS0UYPEbTDvFsZFCzVfI0WVf4dxcaExYg80n2/UAyZVgn7fWETRRe5P5w0C4cQ==",
      "requires": {
        "@dra2020/context": "^1.0.15",
        "@dra2020/fsm": "^1.3.2",
        "@dra2020/util": "^1.1.2"
      }
    },
    "@dra2020/logclient": {
      "version": "1.0.13",
      "resolved": "https://registry.npmjs.org/@dra2020/logclient/-/logclient-1.0.13.tgz",
      "integrity": "sha512-3ZBejaN6D0fPG25kpPQ+1l/c48lEQtVaO9G8gLSi35e3DQ+mLg70HIABlNLwC63aGI+I7L/WnO4UERDWkTY85Q==",
      "requires": {
        "@dra2020/context": "^1.0.15",
        "@dra2020/fsm": "^1.3.2",
        "@dra2020/logabstract": "^1.0.15",
        "@dra2020/util": "^1.1.2"
      }
    },
    "@dra2020/logserver": {
      "version": "2.0.1",
      "resolved": "https://registry.npmjs.org/@dra2020/logserver/-/logserver-2.0.1.tgz",
      "integrity": "sha512-ewu35HSjLv75OCBsn1+xUV/jPnXSZHrN/OSN14qVZzRbPSySTdGzCj3tk8lLaafpFLOgWlyZNynBU1EJWg4trQ==",
      "requires": {
        "@dra2020/context": "^1.0.15",
        "@dra2020/fsm": "^1.3.2",
        "@dra2020/fsmfile": "^1.2.0",
        "@dra2020/jsonstream": "^1.1.5",
        "@dra2020/logabstract": "^1.0.16",
        "@dra2020/storage": "^2.0.2",
        "@dra2020/storages3": "^2.0.1",
        "@dra2020/util": "^1.1.2"
      }
    },
    "@dra2020/ot-editutil": {
      "version": "2.1.8",
      "resolved": "https://registry.npmjs.org/@dra2020/ot-editutil/-/ot-editutil-2.1.8.tgz",
      "integrity": "sha512-DEK6+ygYgcjxUvqfoADJNqBYlfhW+L0p2E68owa+YwvgdfOcB+6E6Oxz/V9GNl8+sWsQbcv58jnEfJWfgan/3g==",
      "requires": {
        "@dra2020/context": "^1.0.15",
        "@dra2020/logabstract": "^1.0.16",
        "@dra2020/logclient": "^1.0.13",
        "@dra2020/ot-js": "^2.0.49",
        "@dra2020/util": "^1.1.2",
        "diff-match-patch": "^1.0.5"
      }
    },
    "@dra2020/ot-js": {
      "version": "2.0.50",
      "resolved": "https://registry.npmjs.org/@dra2020/ot-js/-/ot-js-2.0.50.tgz",
      "integrity": "sha512-DDXxb1oA0OXVF2VfLr9XkmO2E6A4yeUxW0QRTZT/c76c2KJu+6szs+vhfHreVxAASEhWopPeUKt0ENcZkuRNtw==",
      "requires": {
        "@dra2020/context": "^1.0.15",
        "@dra2020/logabstract": "^1.0.16",
        "@dra2020/logclient": "^1.0.13",
        "@dra2020/util": "^1.1.2"
      }
    },
    "@dra2020/poly": {
      "version": "1.7.26",
      "resolved": "https://registry.npmjs.org/@dra2020/poly/-/poly-1.7.26.tgz",
      "integrity": "sha512-8gCQTK5xsP5t5U5aE4mvUN5TjS4jioUkCvrNlaFhMi3jEqpmthp5ZX0WgZKTipZbYEoUak24ekIN522cLE3mkw==",
      "requires": {
        "@dra2020/fsm": "^1.3.3",
        "@dra2020/topojson-client": "^3.2.7",
        "@dra2020/topojson-server": "^3.0.103",
        "@dra2020/topojson-simplify": "^3.0.102",
        "@dra2020/util": "^1.1.4",
        "geojson": "^0.5.0",
        "object-hash": "^1.3.1",
        "polygon-clipping": "^0.15.2",
        "splaytree": "^3.1.0",
        "tinyqueue": "^2.0.3",
        "topojson-server": "^3.0.1",
        "topojson-simplify": "^3.0.3"
      },
      "dependencies": {
        "object-hash": {
          "version": "1.3.1",
          "resolved": "https://registry.npmjs.org/object-hash/-/object-hash-1.3.1.tgz",
          "integrity": "sha512-OSuu/pU4ENM9kmREg0BdNrUDIl1heYa4mBZacJc+vVWz4GtAwu7jO8s4AIt2aGRUTqxykpWzI3Oqnsm13tTMDA=="
        },
        "topojson-client": {
          "version": "3.1.0",
          "resolved": "https://registry.npmjs.org/topojson-client/-/topojson-client-3.1.0.tgz",
          "integrity": "sha512-605uxS6bcYxGXw9qi62XyrV6Q3xwbndjachmNxu8HWTtVPxZfEJN9fd/SZS1Q54Sn2y0TMyMxFj/cJINqGHrKw==",
          "requires": {
            "commander": "2"
          }
        },
        "topojson-server": {
          "version": "3.0.1",
          "resolved": "https://registry.npmjs.org/topojson-server/-/topojson-server-3.0.1.tgz",
          "integrity": "sha512-/VS9j/ffKr2XAOjlZ9CgyyeLmgJ9dMwq6Y0YEON8O7p/tGGk+dCWnrE03zEdu7i4L7YsFZLEPZPzCvcB7lEEXw==",
          "requires": {
            "commander": "2"
          }
        },
        "topojson-simplify": {
          "version": "3.0.3",
          "resolved": "https://registry.npmjs.org/topojson-simplify/-/topojson-simplify-3.0.3.tgz",
          "integrity": "sha512-V+pBjLVzSQ3+hSOxBiV01OVXgFiCmMO8ia3huxKEyIMTC1ApQHBcdXdOqcQ6U2JJJD31TZduwY6KyF15R8sUgg==",
          "requires": {
            "commander": "2",
            "topojson-client": "3"
          }
        }
      }
    },
    "@dra2020/racial-voting": {
      "version": "1.1.1",
      "resolved": "https://registry.npmjs.org/@dra2020/racial-voting/-/racial-voting-1.1.1.tgz",
      "integrity": "sha512-WfS7efMo2vSc2703Jx7s0rGMY0L/olXaIRUmZDQhXmm5SCH77MQAkIFGoBps0xJRa3Ncvah0Y1iuYZN+mdA5yg==",
      "requires": {
        "@dra2020/util": "^1.0.54"
      }
    },
    "@dra2020/storage": {
      "version": "2.0.2",
      "resolved": "https://registry.npmjs.org/@dra2020/storage/-/storage-2.0.2.tgz",
      "integrity": "sha512-KNGe3mduspvKHERKrYZXf3rbix0hb/wyY7KfMIpsvt9Y7pFtqxl81TD1F73Cz85YdwLcc1wCrgKl6cNYa9WN6g==",
      "requires": {
        "@dra2020/context": "^1.0.15",
        "@dra2020/fsm": "^1.3.2",
        "@dra2020/logabstract": "^1.0.16",
        "@dra2020/util": "^1.1.2"
      }
    },
    "@dra2020/storages3": {
      "version": "2.0.1",
      "resolved": "https://registry.npmjs.org/@dra2020/storages3/-/storages3-2.0.1.tgz",
      "integrity": "sha512-YeOi0kde5x8rAYGiAjK+15fyE2bcIahKxHeIl2mkfqhipJqEtY1SKrwELL1zn6dvSPY4LS37u1R0hPAKmnIvqw==",
      "requires": {
        "@dra2020/context": "^1.0.15",
        "@dra2020/fsm": "^1.3.2",
        "@dra2020/fsmfile": "^1.2.0",
        "@dra2020/jsonstream": "^1.1.5",
        "@dra2020/logabstract": "^1.0.16",
        "@dra2020/storage": "^2.0.2",
        "@dra2020/util": "^1.1.2",
        "aws-sdk": "^2.810.0"
      }
    },
    "@dra2020/topojson-client": {
      "version": "3.2.7",
      "resolved": "https://registry.npmjs.org/@dra2020/topojson-client/-/topojson-client-3.2.7.tgz",
      "integrity": "sha512-WUbdgpa0eU2zNKDV3HvTMHEshcn5vhuGiuqEkdbWAm4pClhOAp/09viVfpt9prxbxtAgAy5MUeFemNj46uUCYQ==",
      "requires": {
        "commander": "2"
      }
    },
    "@dra2020/topojson-server": {
      "version": "3.0.103",
      "resolved": "https://registry.npmjs.org/@dra2020/topojson-server/-/topojson-server-3.0.103.tgz",
      "integrity": "sha512-eWsoTl1WgJI2RMdi5mAGjm5D/Bv0WUNRxw9jVW3aVDMhMbCGGQ3jxl7jyCsKwXuHtGpSkQplwbQcjH94v5dFpg==",
      "requires": {
        "commander": "2"
      }
    },
    "@dra2020/topojson-simplify": {
      "version": "3.0.102",
      "resolved": "https://registry.npmjs.org/@dra2020/topojson-simplify/-/topojson-simplify-3.0.102.tgz",
      "integrity": "sha512-n9mS2tmRDT3No8ceBl1Rq01wqEo5a5Gfc6FwnGYo2NuSTN2wbYXNR/XtUW5cWwEekOo1TKDmpWIc/6y2dufLWw==",
      "requires": {
        "commander": "2",
        "topojson-client": "3"
      },
      "dependencies": {
        "topojson-client": {
          "version": "3.1.0",
          "resolved": "https://registry.npmjs.org/topojson-client/-/topojson-client-3.1.0.tgz",
          "integrity": "sha512-605uxS6bcYxGXw9qi62XyrV6Q3xwbndjachmNxu8HWTtVPxZfEJN9fd/SZS1Q54Sn2y0TMyMxFj/cJINqGHrKw==",
          "requires": {
            "commander": "2"
          }
        }
      }
    },
    "@dra2020/util": {
      "version": "1.1.4",
      "resolved": "https://registry.npmjs.org/@dra2020/util/-/util-1.1.4.tgz",
      "integrity": "sha512-8gld4xfNvkdHlrYRHjB/ri7vJOUOzK7XyVZIwClsb/i2x3UJMb9u193Zlv9dMrH5+qvFQRtoQpFXBnHUMDIbGw=="
    },
    "aws-sdk": {
      "version": "2.811.0",
      "resolved": "https://registry.npmjs.org/aws-sdk/-/aws-sdk-2.811.0.tgz",
      "integrity": "sha512-Tbz31UUYj9MEDWKDEmK1Ppc6iFbZhaHjAkjA4CqEQQ6YE8309H+PhOXbcdzjMC1lDek32eItLvMGulPuhj2MyQ==",
      "requires": {
        "buffer": "4.9.2",
        "events": "1.1.1",
        "ieee754": "1.1.13",
        "jmespath": "0.15.0",
        "querystring": "0.2.0",
        "sax": "1.2.1",
        "url": "0.10.3",
        "uuid": "3.3.2",
        "xml2js": "0.4.19"
      }
    },
    "base64-js": {
      "version": "1.5.1",
      "resolved": "https://registry.npmjs.org/base64-js/-/base64-js-1.5.1.tgz",
      "integrity": "sha512-AKpaYlHn8t4SVbOHCy+b5+KKgvR4vrsD8vbvrbiQJps7fKDTkjkDry6ji0rUJjC0kzbNePLwzxq8iypo41qeWA=="
    },
    "buffer": {
      "version": "4.9.2",
      "resolved": "https://registry.npmjs.org/buffer/-/buffer-4.9.2.tgz",
      "integrity": "sha512-xq+q3SRMOxGivLhBNaUdC64hDTQwejJ+H0T/NB1XMtTVEwNTrfFF3gAxiyW0Bu/xWEGhjVKgUcMhCrUy2+uCWg==",
      "requires": {
        "base64-js": "^1.0.2",
        "ieee754": "^1.1.4",
        "isarray": "^1.0.0"
      }
    },
    "commander": {
      "version": "2.20.3",
      "resolved": "https://registry.npmjs.org/commander/-/commander-2.20.3.tgz",
      "integrity": "sha512-GpVkmM8vF2vQUkj2LvZmD35JxeJOLCwJ9cUkugyk2nuhbv3+mJvpLYYt+0+USMxE+oj+ey/lJEnhZw75x/OMcQ=="
    },
    "diff-match-patch": {
      "version": "1.0.5",
      "resolved": "https://registry.npmjs.org/diff-match-patch/-/diff-match-patch-1.0.5.tgz",
      "integrity": "sha512-IayShXAgj/QMXgB0IWmKx+rOPuGMhqm5w6jvFxmVenXKIzRqTAAsbBPT3kWQeGANj3jGgvcvv4yK6SxqYmikgw=="
    },
    "events": {
      "version": "1.1.1",
      "resolved": "https://registry.npmjs.org/events/-/events-1.1.1.tgz",
      "integrity": "sha1-nr23Y1rQmccNzEwqH1AEKI6L2SQ="
    },
    "geojson": {
      "version": "0.5.0",
      "resolved": "https://registry.npmjs.org/geojson/-/geojson-0.5.0.tgz",
      "integrity": "sha1-PNbJY5m+ZbVu5VWWEW/pGRznAcA="
    },
    "iconv-lite": {
      "version": "0.4.24",
      "resolved": "https://registry.npmjs.org/iconv-lite/-/iconv-lite-0.4.24.tgz",
      "integrity": "sha512-v3MXnZAcvnywkTUEZomIActle7RXXeedOR31wwl7VlyoXO4Qi9arvSenNQWne1TcRwhCL1HwLI21bEqdpj8/rA==",
      "requires": {
        "safer-buffer": ">= 2.1.2 < 3"
      }
    },
    "ieee754": {
      "version": "1.1.13",
      "resolved": "https://registry.npmjs.org/ieee754/-/ieee754-1.1.13.tgz",
      "integrity": "sha512-4vf7I2LYV/HaWerSo3XmlMkp5eZ83i+/CDluXi/IGTs/O1sejBNhTtnxzmRZfvOUqj7lZjqHkeTvpgSFDlWZTg=="
    },
    "immediate": {
      "version": "3.0.6",
      "resolved": "https://registry.npmjs.org/immediate/-/immediate-3.0.6.tgz",
      "integrity": "sha1-nbHb0Pr43m++D13V5Wu2BigN5ps="
    },
    "isarray": {
      "version": "1.0.0",
      "resolved": "https://registry.npmjs.org/isarray/-/isarray-1.0.0.tgz",
      "integrity": "sha1-u5NdSFgsuhaMBoNJV6VKPgcSTxE="
    },
    "jmespath": {
      "version": "0.15.0",
      "resolved": "https://registry.npmjs.org/jmespath/-/jmespath-0.15.0.tgz",
      "integrity": "sha1-o/Iiqarp+Wb10nx5ZRDigJF2Qhc="
    },
    "jszip": {
      "version": "2.6.1",
      "resolved": "https://registry.npmjs.org/jszip/-/jszip-2.6.1.tgz",
      "integrity": "sha1-uI86ey5noqBIFSmCx6N1bZxIKPA=",
      "requires": {
        "pako": "~1.0.2"
      }
    },
    "lie": {
      "version": "3.3.0",
      "resolved": "https://registry.npmjs.org/lie/-/lie-3.3.0.tgz",
      "integrity": "sha512-UaiMJzeWRlEujzAuw5LokY1L5ecNQYZKfmyZ9L7wDHb/p5etKaxXhohBcrw0EYby+G/NA52vRSN4N39dxHAIwQ==",
      "requires": {
        "immediate": "~3.0.5"
      }
    },
    "lru-cache": {
      "version": "2.7.3",
      "resolved": "https://registry.npmjs.org/lru-cache/-/lru-cache-2.7.3.tgz",
      "integrity": "sha1-bUUk6LlV+V1PW1iFHOId1y+06VI="
    },
    "mgrs": {
      "version": "1.0.0",
      "resolved": "https://registry.npmjs.org/mgrs/-/mgrs-1.0.0.tgz",
      "integrity": "sha1-+5FYjnjJACVnI5XLQLJffNatGCk="
    },
    "object-hash": {
      "version": "2.0.3",
      "resolved": "https://registry.npmjs.org/object-hash/-/object-hash-2.0.3.tgz",
      "integrity": "sha512-JPKn0GMu+Fa3zt3Bmr66JhokJU5BaNBIh4ZeTlaCBzrBsOeXzwcKKAK1tbLiPKgvwmPXsDvvLHoWh5Bm7ofIYg=="
    },
    "pako": {
      "version": "1.0.11",
      "resolved": "https://registry.npmjs.org/pako/-/pako-1.0.11.tgz",
      "integrity": "sha512-4hLB8Py4zZce5s4yd9XzopqwVv/yGNhV1Bl8NTmCq1763HeK2+EwVTv+leGeL13Dnh2wfbqowVPXCIO0z4taYw=="
    },
    "parsedbf": {
      "version": "1.1.1",
      "resolved": "https://registry.npmjs.org/parsedbf/-/parsedbf-1.1.1.tgz",
      "integrity": "sha512-jndFmhcrzSAGCMccM4za+3bIRxqV6L2doQjYN8Xgz0kZUpyBT5I8Gs6Y6hL5GcO2rih9OBkPcLlx2uBoLi8R8Q==",
      "requires": {
        "iconv-lite": "^0.4.15",
        "text-encoding-polyfill": "^0.6.7"
      }
    },
    "polygon-clipping": {
      "version": "0.15.2",
      "resolved": "https://registry.npmjs.org/polygon-clipping/-/polygon-clipping-0.15.2.tgz",
      "integrity": "sha512-qsUFQSY4nA++1/b76dy0BJGwL0FZAk05Y4hZprctLIhAddE8KUUr3TxIF4sAxIQtjH9xvaBe3raaRQrcSI4wlA==",
      "requires": {
        "splaytree": "^3.1.0"
      }
    },
    "proj4": {
      "version": "2.6.3",
      "resolved": "https://registry.npmjs.org/proj4/-/proj4-2.6.3.tgz",
      "integrity": "sha512-XRqnLmHWlvi7jqKNTqaOUrVy72JEtOUrnlLki99yZUOSvcSeBaZ1I/EGnQ2LzplSbjSrebGAdikqCLeCxC/YEg==",
      "requires": {
        "mgrs": "1.0.0",
        "wkt-parser": "^1.2.4"
      }
    },
    "punycode": {
      "version": "1.3.2",
      "resolved": "https://registry.npmjs.org/punycode/-/punycode-1.3.2.tgz",
      "integrity": "sha1-llOgNvt8HuQjQvIyXM7v6jkmxI0="
    },
    "querystring": {
      "version": "0.2.0",
      "resolved": "https://registry.npmjs.org/querystring/-/querystring-0.2.0.tgz",
      "integrity": "sha1-sgmEkgO7Jd+CDadW50cAWHhSFiA="
    },
    "safer-buffer": {
      "version": "2.1.2",
      "resolved": "https://registry.npmjs.org/safer-buffer/-/safer-buffer-2.1.2.tgz",
      "integrity": "sha512-YZo3K82SD7Riyi0E1EQPojLz7kpepnSQI9IyPbHHg1XXXevb5dJI7tpyN2ADxGcQbHG7vcyRHk0cbwqcQriUtg=="
    },
    "sax": {
      "version": "1.2.1",
      "resolved": "https://registry.npmjs.org/sax/-/sax-1.2.1.tgz",
      "integrity": "sha1-e45lYZCyKOgaZq6nSEgNgozS03o="
    },
    "shpjs": {
      "version": "3.6.3",
      "resolved": "https://registry.npmjs.org/shpjs/-/shpjs-3.6.3.tgz",
      "integrity": "sha512-wcR2S3WL/7RnEIm+YO+H/mZR9z9FCV46op+SZt+W5PtPs26Omb9U93f+EPI1DOpNKBuAIrWjHWh0SxlnBahJkg==",
      "requires": {
        "jszip": "^2.4.0",
        "lie": "^3.0.1",
        "lru-cache": "^2.7.0",
        "parsedbf": "^1.1.0",
        "proj4": "^2.1.4"
      }
    },
    "splaytree": {
      "version": "3.1.0",
      "resolved": "https://registry.npmjs.org/splaytree/-/splaytree-3.1.0.tgz",
      "integrity": "sha512-gvUGR7xnOy0fLKTCxDeUZYgU/I1Tdf8M/lM1Qrf8L2TIOR5ipZjGk02uYcdv0o2x7WjVRgpm3iS2clLyuVAt0Q=="
    },
    "text-encoding-polyfill": {
      "version": "0.6.7",
      "resolved": "https://registry.npmjs.org/text-encoding-polyfill/-/text-encoding-polyfill-0.6.7.tgz",
      "integrity": "sha512-/DZ1XJqhbqRkCop6s9ZFu8JrFRwmVuHg4quIRm+ziFkR3N3ec6ck6yBvJ1GYeEQZhLVwRW0rZE+C3SSJpy0RTg=="
    },
    "tinyqueue": {
      "version": "2.0.3",
      "resolved": "https://registry.npmjs.org/tinyqueue/-/tinyqueue-2.0.3.tgz",
      "integrity": "sha512-ppJZNDuKGgxzkHihX8v9v9G5f+18gzaTfrukGrq6ueg0lmH4nqVnA2IPG0AEH3jKEk2GRJCUhDoqpoiw3PHLBA=="
    },
    "url": {
      "version": "0.10.3",
      "resolved": "https://registry.npmjs.org/url/-/url-0.10.3.tgz",
      "integrity": "sha1-Ah5NnHcF8hu/N9A861h2dAJ3TGQ=",
      "requires": {
        "punycode": "1.3.2",
        "querystring": "0.2.0"
      }
    },
    "uuid": {
      "version": "3.3.2",
      "resolved": "https://registry.npmjs.org/uuid/-/uuid-3.3.2.tgz",
      "integrity": "sha512-yXJmeNaw3DnnKAOKJE51sL/ZaYfWJRl1pK9dr19YFCu0ObS231AB1/LbqTKRAQ5kw8A90rA6fr4riOUpTZvQZA=="
    },
    "wkt-parser": {
      "version": "1.2.4",
      "resolved": "https://registry.npmjs.org/wkt-parser/-/wkt-parser-1.2.4.tgz",
      "integrity": "sha512-ZzKnc7ml/91fOPh5bANBL4vUlWPIYYv11waCtWTkl2TRN+LEmBg60Q1MA8gqV4hEp4MGfSj9JiHz91zw/gTDXg=="
    },
    "xml2js": {
      "version": "0.4.19",
      "resolved": "https://registry.npmjs.org/xml2js/-/xml2js-0.4.19.tgz",
      "integrity": "sha512-esZnJZJOiJR9wWKMyuvSE1y6Dq5LCuJanqhxslH2bxM6duahNZ+HMpCLhBQGZkbX6xRf8x1Y2eJlgt2q3qo49Q==",
      "requires": {
        "sax": ">=0.6.0",
        "xmlbuilder": "~9.0.1"
      }
    },
    "xmlbuilder": {
      "version": "9.0.7",
      "resolved": "https://registry.npmjs.org/xmlbuilder/-/xmlbuilder-9.0.7.tgz",
      "integrity": "sha1-Ey7mPS7FVlxVfiD0wi35rKaGsQ0="
    }
  }
}
