{
  "name": "@dra2020/fn-layer",
  "version": "1.0.0",
  "lockfileVersion": 1,
  "requires": true,
  "dependencies": {
    "@dra2020/compactness": {
      "version": "1.0.5",
      "resolved": "https://registry.npmjs.org/@dra2020/compactness/-/compactness-1.0.5.tgz",
      "integrity": "sha512-4v6+b9+bQjZzCsTCerIia+kms01Ok6VOQ3x8xcw7V5EqfC3GEX5q/CSPAQ837qhSTAxYb9OZn4Hr1QPV+cLhrA==",
      "requires": {
        "@dra2020/poly": "^1.3.3",
        "@dra2020/util": "^1.0.50",
        "geojson": "^0.5.0",
        "mathjs": "^7.1.0",
        "polygon-clipping": "^0.14.3"
      }
    },
    "@dra2020/context": {
      "version": "1.0.14",
      "resolved": "https://registry.npmjs.org/@dra2020/context/-/context-1.0.14.tgz",
      "integrity": "sha512-6k8zjwF06by4aymEWh/q9gyYLupI5QmBbHtpntfEtbrJyMHYss9VdPfL4rY3MSNIJWzhhocTw5I8y6cR3Fs2Lg==",
      "requires": {
        "@dra2020/util": "^1.0.40"
      }
    },
    "@dra2020/dbabstract": {
      "version": "2.0.0",
      "resolved": "https://registry.npmjs.org/@dra2020/dbabstract/-/dbabstract-2.0.0.tgz",
      "integrity": "sha512-GUpgRbIFvSw3natRQViKQo1mJCxbQ65Yn4fVDUrZX7f7C2/iMDFfF3zdW00axMR2rRQU/m4lhLoAyY1ZeC2xFA==",
      "requires": {
        "@dra2020/context": "^1.0.14",
        "@dra2020/fsm": "^1.3.1",
        "@dra2020/logabstract": "^1.0.15",
        "@dra2020/storage": "^2.0.1",
        "@dra2020/util": "^1.0.50"
      }
    },
    "@dra2020/dbdynamo": {
      "version": "2.0.0",
      "resolved": "https://registry.npmjs.org/@dra2020/dbdynamo/-/dbdynamo-2.0.0.tgz",
      "integrity": "sha512-L7GTp5Z103HJpnczWZ4KwsSluERdzCqnjsqZgrpuEOZzfi9wU0m8Q8SMI97r35s5dHFbM3M9amS/eiFyIITAXA==",
      "requires": {
        "@dra2020/context": "^1.0.14",
        "@dra2020/dbabstract": "^2.0.0",
        "@dra2020/dra-types": "^1.5.16",
        "@dra2020/fsm": "^1.3.1",
        "@dra2020/logabstract": "^1.0.15",
        "@dra2020/logclient": "^1.0.12",
        "@dra2020/storage": "^2.0.1",
        "@dra2020/util": "^1.0.50",
        "aws-sdk": "^2.656.0"
      }
    },
    "@dra2020/district-analytics": {
      "version": "8.2.3",
      "resolved": "https://registry.npmjs.org/@dra2020/district-analytics/-/district-analytics-8.2.3.tgz",
      "integrity": "sha512-qsgLz3n31Brk37OE5TAevWtCYaDYTY0GfhWsLqTqBO8ZFXC9gt/1cixTBPj95tZWjwB+wf0KH/3ln2VdoohN7A==",
      "requires": {
        "@dra2020/compactness": "^1.0.5",
        "@dra2020/dra-score": "^9.1.1",
        "@dra2020/dra-types": "^1.4.9",
        "@dra2020/poly": "^1.3.3",
        "@dra2020/util": "^1.0.50",
        "geojson": "^0.5.0",
        "polygon-clipping": "^0.14.3"
      }
    },
    "@dra2020/dra-score": {
      "version": "9.1.1",
      "resolved": "https://registry.npmjs.org/@dra2020/dra-score/-/dra-score-9.1.1.tgz",
      "integrity": "sha512-+byG7eQiotD/sO95E9m0khr1QCVoI8V9S08FKqCeu/eX0aoOi+KgKE5/JNTE8g/Qid/K+DEyEnSyY81frG5fTQ==",
      "requires": {
        "@dra2020/compactness": "^1.0.5",
        "@dra2020/poly": "^1.3.3",
        "@dra2020/util": "^1.0.50",
        "mathjs": "^7.1.0"
      }
    },
    "@dra2020/dra-types": {
      "version": "1.6.1",
      "resolved": "https://registry.npmjs.org/@dra2020/dra-types/-/dra-types-1.6.1.tgz",
      "integrity": "sha512-Kzq3kCB99nB3J1cKEfck8dAhWq+/MHob8hkJ1KlqxbAPleqRCy6DgOWHADbUbLU8s2nBaDtRMgNLkjou2fwGIw==",
      "requires": {
        "@dra2020/util": "^1.0.50",
        "object-hash": "^2.0.3"
      }
    },
    "@dra2020/fsm": {
      "version": "1.3.1",
      "resolved": "https://registry.npmjs.org/@dra2020/fsm/-/fsm-1.3.1.tgz",
      "integrity": "sha512-kislXcrYlYR5yeBK3uYj3N+/oZCJrokc6Ap8HG8q7uXuT7ZXr+hIXkwnDtlE/HbL/b5p3LnUxtOBhKHAPW8R4Q==",
      "requires": {
        "@dra2020/util": "^1.0.40"
      }
    },
    "@dra2020/fsmfile": {
      "version": "1.2.0",
      "resolved": "https://registry.npmjs.org/@dra2020/fsmfile/-/fsmfile-1.2.0.tgz",
      "integrity": "sha512-RJV12ECEid+nlP4E5ra/CzRyMU6+kD6e0O09NbiBOfx/hR8c6FEr587iYuXz59MLF01jkEeXKU6p31P3JtzTzA==",
      "requires": {
        "@dra2020/context": "^1.0.14",
        "@dra2020/fsm": "^1.3.1",
        "@dra2020/jsonstream": "^1.1.4",
        "@dra2020/logabstract": "^1.0.15",
        "@dra2020/util": "^1.0.50"
      }
    },
    "@dra2020/jsonstream": {
      "version": "1.1.4",
      "resolved": "https://registry.npmjs.org/@dra2020/jsonstream/-/jsonstream-1.1.4.tgz",
      "integrity": "sha512-01spjzAA1H/x8WDBtgLK2mihKSuHYewQh0FtXJz3vKDFKh33z6x5xgvK9/Nhi6GhYqSAefgmQBFDdyr+JJwFZg==",
      "requires": {
        "@dra2020/util": "^1.0.49"
      }
    },
    "@dra2020/lambda": {
      "version": "1.0.10",
      "resolved": "https://registry.npmjs.org/@dra2020/lambda/-/lambda-1.0.10.tgz",
      "integrity": "sha512-Kbcjm1bPzkI6iiOI1QZTgwz1nlxUZRylVT9YHKg2Upmf6hESePH58Nk5KqdXEIvUYBQo50fopm2VtZjSe3wi1g==",
      "requires": {
        "@dra2020/context": "^1.0.14",
        "@dra2020/fsm": "^1.3.1",
        "@dra2020/logabstract": "^1.0.15",
        "@dra2020/util": "^1.0.49",
        "aws-sdk": "^2.656.0"
      }
    },
    "@dra2020/logabstract": {
      "version": "1.0.15",
      "resolved": "https://registry.npmjs.org/@dra2020/logabstract/-/logabstract-1.0.15.tgz",
      "integrity": "sha512-mbIEnmsZcino5gnM8XuxZ7i7iaOX10GUnupRf9RhH3kO9LAi+Gfxy+vZjHTD422/sRCPwmGIrLBr6jv3eJ6twQ==",
      "requires": {
        "@dra2020/context": "^1.0.14",
        "@dra2020/fsm": "^1.3.1",
        "@dra2020/util": "^1.0.48"
      }
    },
    "@dra2020/logclient": {
      "version": "1.0.12",
      "resolved": "https://registry.npmjs.org/@dra2020/logclient/-/logclient-1.0.12.tgz",
      "integrity": "sha512-SnBCxoKL6vHdyjQbWNP/8FMJQZhCqDYlTw1ZW90bQGfcAFzAcWrdPh6fwW4H6JhUH0r0fAcqGqPnZmnQtl1cKA==",
      "requires": {
        "@dra2020/context": "^1.0.14",
        "@dra2020/fsm": "^1.3.1",
        "@dra2020/logabstract": "^1.0.15",
        "@dra2020/util": "^1.0.48"
      }
    },
    "@dra2020/logserver": {
      "version": "2.0.0",
      "resolved": "https://registry.npmjs.org/@dra2020/logserver/-/logserver-2.0.0.tgz",
      "integrity": "sha512-ljOTPNSnSzsN7Z98HZ9Uai4/qhp1Ky9o4WxxxIUgh/f3VVh9kKD8PKPoG85yWGTygpTMS31wNL9fD2VdTtuXSQ==",
      "requires": {
        "@dra2020/context": "^1.0.14",
        "@dra2020/fsm": "^1.3.1",
        "@dra2020/fsmfile": "^1.2.0",
        "@dra2020/jsonstream": "^1.1.4",
        "@dra2020/logabstract": "^1.0.15",
        "@dra2020/storage": "^2.0.1",
        "@dra2020/storages3": "^2.0.0",
        "@dra2020/util": "^1.0.50"
      }
    },
    "@dra2020/ot-editutil": {
      "version": "2.1.6",
      "resolved": "https://registry.npmjs.org/@dra2020/ot-editutil/-/ot-editutil-2.1.6.tgz",
      "integrity": "sha512-OK0ka5aKSd96JVOo/gajkjVwHYoHY5/GAQtLsmGFEys3xVqFZrERfPHhtE2FxydSsYAryZB/3p1pCiumf44xBg==",
      "requires": {
        "@dra2020/context": "^1.0.14",
        "@dra2020/logabstract": "^1.0.15",
        "@dra2020/logclient": "^1.0.12",
        "@dra2020/ot-js": "^2.0.47",
        "@dra2020/util": "^1.0.50",
        "diff-match-patch": "^1.0.4"
      }
    },
    "@dra2020/ot-js": {
      "version": "2.0.47",
      "resolved": "https://registry.npmjs.org/@dra2020/ot-js/-/ot-js-2.0.47.tgz",
      "integrity": "sha512-E1LTwwNhVZYdUGRWTfUinJ9t+xOzLCRqLyhHVafm3GZ5pQBoS1vmMHTcoTn+XPQHF4IQ0/41Bmbd6ORR+d+kLA==",
      "requires": {
        "@dra2020/context": "^1.0.14",
        "@dra2020/logabstract": "^1.0.15",
        "@dra2020/logclient": "^1.0.12",
        "@dra2020/util": "^1.0.50"
      }
    },
    "@dra2020/poly": {
      "version": "1.3.3",
      "resolved": "https://registry.npmjs.org/@dra2020/poly/-/poly-1.3.3.tgz",
      "integrity": "sha512-ZsqQZQYP1V3Dg2l2U+euXPrNVSlOO/dPLO5ST5dDnw2/nQoFuw5DyHCJy19n89Ok+osTpz46bycMZe8KF7NLCA==",
      "requires": {
        "@dra2020/fsm": "^1.3.1",
        "@dra2020/util": "^1.0.50",
        "geojson": "^0.5.0",
        "mathjs": "^7.1.0",
        "object-hash": "^1.3.1",
        "polygon-clipping": "^0.14.3",
        "tinyqueue": "^2.0.3"
      },
      "dependencies": {
        "object-hash": {
          "version": "1.3.1",
          "resolved": "https://registry.npmjs.org/object-hash/-/object-hash-1.3.1.tgz",
          "integrity": "sha512-OSuu/pU4ENM9kmREg0BdNrUDIl1heYa4mBZacJc+vVWz4GtAwu7jO8s4AIt2aGRUTqxykpWzI3Oqnsm13tTMDA=="
        }
      }
    },
    "@dra2020/storage": {
      "version": "2.0.1",
      "resolved": "https://registry.npmjs.org/@dra2020/storage/-/storage-2.0.1.tgz",
      "integrity": "sha512-IYxNwg4Suc8DvKc15esmWvlHUJsfWMGaYMsjPrbbDe/shmxP0zKRElZx6g6JQLexFEjH2ezk58FUfP1HPQOkBQ==",
      "requires": {
        "@dra2020/context": "^1.0.14",
        "@dra2020/fsm": "^1.3.1",
        "@dra2020/logabstract": "^1.0.15",
        "@dra2020/util": "^1.0.50"
      }
    },
    "@dra2020/storages3": {
      "version": "2.0.0",
      "resolved": "https://registry.npmjs.org/@dra2020/storages3/-/storages3-2.0.0.tgz",
      "integrity": "sha512-t2yRBhtamJPqPP68SkzdrQM5fOmds10g0IwntSWDMU2vSL8iQ0B32m9l2isZATyDP2qUhHo8W2fOGMh9bl1O7A==",
      "requires": {
        "@dra2020/context": "^1.0.14",
        "@dra2020/fsm": "^1.3.1",
        "@dra2020/fsmfile": "^1.1.2",
        "@dra2020/jsonstream": "^1.1.4",
        "@dra2020/logabstract": "^1.0.15",
        "@dra2020/storage": "^2.0.1",
        "@dra2020/util": "^1.0.50",
        "aws-sdk": "^2.656.0"
      }
    },
    "@dra2020/util": {
      "version": "1.0.52",
      "resolved": "https://registry.npmjs.org/@dra2020/util/-/util-1.0.52.tgz",
      "integrity": "sha512-ot+3NBytTtm/CLa6VupvmO7VH14bhtrYfj5XXWxuZcTupTDh4zKHlcLCnOIgGxspZ33v3zircQNz7h9YlLApkA=="
    },
    "aws-sdk": {
      "version": "2.750.0",
      "resolved": "https://registry.npmjs.org/aws-sdk/-/aws-sdk-2.750.0.tgz",
      "integrity": "sha512-eARIyZSd9j197XIMT0jk+4iYSh717AN0VyoAu8ir2IgkpbcB6pSEZPWPP0iuHEUbar+xqBHc4lfjegmMCbsxDw==",
      "requires": {
        "buffer": "4.9.2",
        "events": "1.1.1",
        "ieee754": "1.1.13",
        "jmespath": "0.15.0",
        "querystring": "0.2.0",
        "sax": "1.2.1",
        "url": "0.10.3",
        "uuid": "3.3.2",
        "xml2js": "0.4.19"
      }
    },
    "base64-js": {
      "version": "1.3.1",
      "resolved": "https://registry.npmjs.org/base64-js/-/base64-js-1.3.1.tgz",
      "integrity": "sha512-mLQ4i2QO1ytvGWFWmcngKO//JXAQueZvwEKtjgQFM4jIK0kU+ytMfplL8j+n5mspOfjHwoAg+9yhb7BwAHm36g=="
    },
    "buffer": {
      "version": "4.9.2",
      "resolved": "https://registry.npmjs.org/buffer/-/buffer-4.9.2.tgz",
      "integrity": "sha512-xq+q3SRMOxGivLhBNaUdC64hDTQwejJ+H0T/NB1XMtTVEwNTrfFF3gAxiyW0Bu/xWEGhjVKgUcMhCrUy2+uCWg==",
      "requires": {
        "base64-js": "^1.0.2",
        "ieee754": "^1.1.4",
        "isarray": "^1.0.0"
      }
    },
    "complex.js": {
      "version": "2.0.11",
      "resolved": "https://registry.npmjs.org/complex.js/-/complex.js-2.0.11.tgz",
      "integrity": "sha512-6IArJLApNtdg1P1dFtn3dnyzoZBEF0MwMnrfF1exSBRpZYoy4yieMkpZhQDC0uwctw48vii0CFVyHfpgZ/DfGw=="
    },
    "decimal.js": {
      "version": "10.2.0",
      "resolved": "https://registry.npmjs.org/decimal.js/-/decimal.js-10.2.0.tgz",
      "integrity": "sha512-vDPw+rDgn3bZe1+F/pyEwb1oMG2XTlRVgAa6B4KccTEpYgF8w6eQllVbQcfIJnZyvzFtFpxnpGtx8dd7DJp/Rw=="
    },
    "diff-match-patch": {
      "version": "1.0.5",
      "resolved": "https://registry.npmjs.org/diff-match-patch/-/diff-match-patch-1.0.5.tgz",
      "integrity": "sha512-IayShXAgj/QMXgB0IWmKx+rOPuGMhqm5w6jvFxmVenXKIzRqTAAsbBPT3kWQeGANj3jGgvcvv4yK6SxqYmikgw=="
    },
    "escape-latex": {
      "version": "1.2.0",
      "resolved": "https://registry.npmjs.org/escape-latex/-/escape-latex-1.2.0.tgz",
      "integrity": "sha512-nV5aVWW1K0wEiUIEdZ4erkGGH8mDxGyxSeqPzRNtWP7ataw+/olFObw7hujFWlVjNsaDFw5VZ5NzVSIqRgfTiw=="
    },
    "events": {
      "version": "1.1.1",
      "resolved": "https://registry.npmjs.org/events/-/events-1.1.1.tgz",
      "integrity": "sha1-nr23Y1rQmccNzEwqH1AEKI6L2SQ="
    },
    "fraction.js": {
      "version": "4.0.12",
      "resolved": "https://registry.npmjs.org/fraction.js/-/fraction.js-4.0.12.tgz",
      "integrity": "sha512-8Z1K0VTG4hzYY7kA/1sj4/r1/RWLBD3xwReT/RCrUCbzPszjNQCCsy3ktkU/eaEqX3MYa4pY37a52eiBlPMlhA=="
    },
    "geojson": {
      "version": "0.5.0",
      "resolved": "https://registry.npmjs.org/geojson/-/geojson-0.5.0.tgz",
      "integrity": "sha1-PNbJY5m+ZbVu5VWWEW/pGRznAcA="
    },
    "iconv-lite": {
      "version": "0.4.24",
      "resolved": "https://registry.npmjs.org/iconv-lite/-/iconv-lite-0.4.24.tgz",
      "integrity": "sha512-v3MXnZAcvnywkTUEZomIActle7RXXeedOR31wwl7VlyoXO4Qi9arvSenNQWne1TcRwhCL1HwLI21bEqdpj8/rA==",
      "requires": {
        "safer-buffer": ">= 2.1.2 < 3"
      }
    },
    "ieee754": {
      "version": "1.1.13",
      "resolved": "https://registry.npmjs.org/ieee754/-/ieee754-1.1.13.tgz",
      "integrity": "sha512-4vf7I2LYV/HaWerSo3XmlMkp5eZ83i+/CDluXi/IGTs/O1sejBNhTtnxzmRZfvOUqj7lZjqHkeTvpgSFDlWZTg=="
    },
    "immediate": {
      "version": "3.0.6",
      "resolved": "https://registry.npmjs.org/immediate/-/immediate-3.0.6.tgz",
      "integrity": "sha1-nbHb0Pr43m++D13V5Wu2BigN5ps="
    },
    "isarray": {
      "version": "1.0.0",
      "resolved": "https://registry.npmjs.org/isarray/-/isarray-1.0.0.tgz",
      "integrity": "sha1-u5NdSFgsuhaMBoNJV6VKPgcSTxE="
    },
    "javascript-natural-sort": {
      "version": "0.7.1",
      "resolved": "https://registry.npmjs.org/javascript-natural-sort/-/javascript-natural-sort-0.7.1.tgz",
      "integrity": "sha1-+eIwPUUH9tdDVac2ZNFED7Wg71k="
    },
    "jmespath": {
      "version": "0.15.0",
      "resolved": "https://registry.npmjs.org/jmespath/-/jmespath-0.15.0.tgz",
      "integrity": "sha1-o/Iiqarp+Wb10nx5ZRDigJF2Qhc="
    },
    "jszip": {
      "version": "2.6.1",
      "resolved": "https://registry.npmjs.org/jszip/-/jszip-2.6.1.tgz",
      "integrity": "sha1-uI86ey5noqBIFSmCx6N1bZxIKPA=",
      "requires": {
        "pako": "~1.0.2"
      }
    },
    "lie": {
      "version": "3.3.0",
      "resolved": "https://registry.npmjs.org/lie/-/lie-3.3.0.tgz",
      "integrity": "sha512-UaiMJzeWRlEujzAuw5LokY1L5ecNQYZKfmyZ9L7wDHb/p5etKaxXhohBcrw0EYby+G/NA52vRSN4N39dxHAIwQ==",
      "requires": {
        "immediate": "~3.0.5"
      }
    },
    "lru-cache": {
      "version": "2.7.3",
      "resolved": "https://registry.npmjs.org/lru-cache/-/lru-cache-2.7.3.tgz",
      "integrity": "sha1-bUUk6LlV+V1PW1iFHOId1y+06VI="
    },
    "mathjs": {
      "version": "7.2.0",
      "resolved": "https://registry.npmjs.org/mathjs/-/mathjs-7.2.0.tgz",
      "integrity": "sha512-9UBMWBB94eyrxX8gskBzkVJZBEig2BUL8CBglQoRW4X/ljdW6hBVm8sT6Jp1MhyEp+2flKJo81qwml6twScxFw==",
      "requires": {
        "complex.js": "^2.0.11",
        "decimal.js": "^10.2.0",
        "escape-latex": "^1.2.0",
        "fraction.js": "^4.0.12",
        "javascript-natural-sort": "^0.7.1",
        "seed-random": "^2.2.0",
        "tiny-emitter": "^2.1.0",
        "typed-function": "^2.0.0"
      }
    },
    "mgrs": {
      "version": "1.0.0",
      "resolved": "https://registry.npmjs.org/mgrs/-/mgrs-1.0.0.tgz",
      "integrity": "sha1-+5FYjnjJACVnI5XLQLJffNatGCk="
    },
    "object-hash": {
      "version": "2.0.3",
      "resolved": "https://registry.npmjs.org/object-hash/-/object-hash-2.0.3.tgz",
      "integrity": "sha512-JPKn0GMu+Fa3zt3Bmr66JhokJU5BaNBIh4ZeTlaCBzrBsOeXzwcKKAK1tbLiPKgvwmPXsDvvLHoWh5Bm7ofIYg=="
    },
    "pako": {
      "version": "1.0.11",
      "resolved": "https://registry.npmjs.org/pako/-/pako-1.0.11.tgz",
      "integrity": "sha512-4hLB8Py4zZce5s4yd9XzopqwVv/yGNhV1Bl8NTmCq1763HeK2+EwVTv+leGeL13Dnh2wfbqowVPXCIO0z4taYw=="
    },
    "parsedbf": {
      "version": "1.0.0",
      "resolved": "https://registry.npmjs.org/parsedbf/-/parsedbf-1.0.0.tgz",
      "integrity": "sha512-qm8G6BPAL8yesN4UP4cNq1rxI5g5OyQNwS/SiLvjVT87PZ+9sbRdIANqH8kPKWvIiDbFM2V3C0xUuh/jvUqRdQ==",
      "requires": {
        "iconv-lite": "^0.4.15",
        "text-encoding-polyfill": "^0.6.7"
      }
    },
    "polygon-clipping": {
      "version": "0.14.3",
      "resolved": "https://registry.npmjs.org/polygon-clipping/-/polygon-clipping-0.14.3.tgz",
      "integrity": "sha512-bIaMFYIsHOShMN0JZsvkfk66S7gKMQMlYUpV7LIx+WOBYvJT09eCgoAv2JCDNj6SofA4+o5tlmV76zzUiG4aBQ==",
      "requires": {
        "splaytree": "^3.0.1"
      }
    },
    "proj4": {
      "version": "2.6.2",
      "resolved": "https://registry.npmjs.org/proj4/-/proj4-2.6.2.tgz",
      "integrity": "sha512-Pn0+HZtXb4JzuN8RR0VM7yyseegiYHbXkF+2FOdGpzRojcZ1BTjWxOh7qfp2vH0EyLu8pvcrhLxidwzgyUy/Gw==",
      "requires": {
        "mgrs": "1.0.0",
        "wkt-parser": "^1.2.4"
      }
    },
    "punycode": {
      "version": "1.3.2",
      "resolved": "https://registry.npmjs.org/punycode/-/punycode-1.3.2.tgz",
      "integrity": "sha1-llOgNvt8HuQjQvIyXM7v6jkmxI0="
    },
    "querystring": {
      "version": "0.2.0",
      "resolved": "https://registry.npmjs.org/querystring/-/querystring-0.2.0.tgz",
      "integrity": "sha1-sgmEkgO7Jd+CDadW50cAWHhSFiA="
    },
    "safer-buffer": {
      "version": "2.1.2",
      "resolved": "https://registry.npmjs.org/safer-buffer/-/safer-buffer-2.1.2.tgz",
      "integrity": "sha512-YZo3K82SD7Riyi0E1EQPojLz7kpepnSQI9IyPbHHg1XXXevb5dJI7tpyN2ADxGcQbHG7vcyRHk0cbwqcQriUtg=="
    },
    "sax": {
      "version": "1.2.1",
      "resolved": "https://registry.npmjs.org/sax/-/sax-1.2.1.tgz",
      "integrity": "sha1-e45lYZCyKOgaZq6nSEgNgozS03o="
    },
    "seed-random": {
      "version": "2.2.0",
      "resolved": "https://registry.npmjs.org/seed-random/-/seed-random-2.2.0.tgz",
      "integrity": "sha1-KpsZ4lCoFwmSMaW5mk2vgLf77VQ="
    },
    "shpjs": {
      "version": "3.5.0",
      "resolved": "https://registry.npmjs.org/shpjs/-/shpjs-3.5.0.tgz",
      "integrity": "sha512-v21xnhMuvIdU+lcm9rLBZcA/PSwYfv1nfeNcgh6KbGygRnCt0wvyLnm1NbAl0wN45gP+qT7fkM414ukXXReTXQ==",
      "requires": {
        "jszip": "^2.4.0",
        "lie": "^3.0.1",
        "lru-cache": "^2.7.0",
        "parsedbf": "^1.0.0",
        "proj4": "^2.1.4"
      }
    },
    "splaytree": {
      "version": "3.0.1",
      "resolved": "https://registry.npmjs.org/splaytree/-/splaytree-3.0.1.tgz",
      "integrity": "sha512-WvQIHRDXLSVn72xjlIG/WGhv/4QO3m+iY2TpVdFRaXd1+/vkNlpkpw1QaNH5taghF9eWXDHWMWnzXyicR8d6ig=="
    },
    "text-encoding-polyfill": {
      "version": "0.6.7",
      "resolved": "https://registry.npmjs.org/text-encoding-polyfill/-/text-encoding-polyfill-0.6.7.tgz",
      "integrity": "sha512-/DZ1XJqhbqRkCop6s9ZFu8JrFRwmVuHg4quIRm+ziFkR3N3ec6ck6yBvJ1GYeEQZhLVwRW0rZE+C3SSJpy0RTg=="
    },
    "tiny-emitter": {
      "version": "2.1.0",
      "resolved": "https://registry.npmjs.org/tiny-emitter/-/tiny-emitter-2.1.0.tgz",
      "integrity": "sha512-NB6Dk1A9xgQPMoGqC5CVXn123gWyte215ONT5Pp5a0yt4nlEoO1ZWeCwpncaekPHXO60i47ihFnZPiRPjRMq4Q=="
    },
    "tinyqueue": {
      "version": "2.0.3",
      "resolved": "https://registry.npmjs.org/tinyqueue/-/tinyqueue-2.0.3.tgz",
      "integrity": "sha512-ppJZNDuKGgxzkHihX8v9v9G5f+18gzaTfrukGrq6ueg0lmH4nqVnA2IPG0AEH3jKEk2GRJCUhDoqpoiw3PHLBA=="
    },
    "typed-function": {
      "version": "2.0.0",
      "resolved": "https://registry.npmjs.org/typed-function/-/typed-function-2.0.0.tgz",
      "integrity": "sha512-Hhy1Iwo/e4AtLZNK10ewVVcP2UEs408DS35ubP825w/YgSBK1KVLwALvvIG4yX75QJrxjCpcWkzkVRB0BwwYlA=="
    },
    "url": {
      "version": "0.10.3",
      "resolved": "https://registry.npmjs.org/url/-/url-0.10.3.tgz",
      "integrity": "sha1-Ah5NnHcF8hu/N9A861h2dAJ3TGQ=",
      "requires": {
        "punycode": "1.3.2",
        "querystring": "0.2.0"
      }
    },
    "uuid": {
      "version": "3.3.2",
      "resolved": "https://registry.npmjs.org/uuid/-/uuid-3.3.2.tgz",
      "integrity": "sha512-yXJmeNaw3DnnKAOKJE51sL/ZaYfWJRl1pK9dr19YFCu0ObS231AB1/LbqTKRAQ5kw8A90rA6fr4riOUpTZvQZA=="
    },
    "wkt-parser": {
      "version": "1.2.4",
      "resolved": "https://registry.npmjs.org/wkt-parser/-/wkt-parser-1.2.4.tgz",
      "integrity": "sha512-ZzKnc7ml/91fOPh5bANBL4vUlWPIYYv11waCtWTkl2TRN+LEmBg60Q1MA8gqV4hEp4MGfSj9JiHz91zw/gTDXg=="
    },
    "xml2js": {
      "version": "0.4.19",
      "resolved": "https://registry.npmjs.org/xml2js/-/xml2js-0.4.19.tgz",
      "integrity": "sha512-esZnJZJOiJR9wWKMyuvSE1y6Dq5LCuJanqhxslH2bxM6duahNZ+HMpCLhBQGZkbX6xRf8x1Y2eJlgt2q3qo49Q==",
      "requires": {
        "sax": ">=0.6.0",
        "xmlbuilder": "~9.0.1"
      }
    },
    "xmlbuilder": {
      "version": "9.0.7",
      "resolved": "https://registry.npmjs.org/xmlbuilder/-/xmlbuilder-9.0.7.tgz",
      "integrity": "sha1-Ey7mPS7FVlxVfiD0wi35rKaGsQ0="
    }
  }
}
