{
  "name": "@dra2020/fn-layer",
  "version": "1.0.0",
  "lockfileVersion": 1,
  "requires": true,
  "dependencies": {
    "@dra2020/context": {
      "version": "1.0.14",
      "resolved": "https://registry.npmjs.org/@dra2020/context/-/context-1.0.14.tgz",
      "integrity": "sha512-6k8zjwF06by4aymEWh/q9gyYLupI5QmBbHtpntfEtbrJyMHYss9VdPfL4rY3MSNIJWzhhocTw5I8y6cR3Fs2Lg==",
      "requires": {
        "@dra2020/util": "^1.0.40"
      }
    },
    "@dra2020/dbabstract": {
      "version": "1.4.2",
      "resolved": "https://registry.npmjs.org/@dra2020/dbabstract/-/dbabstract-1.4.2.tgz",
      "integrity": "sha512-hQ5raN2d/T/bDyb5pOk9xdcvXD5SXhEV5RnODPwHzVt8d49TPmsblCo1puOWuVDGiU5jaWdSNJLDzIXLfXWC0w==",
      "requires": {
        "@dra2020/context": "^1.0.14",
        "@dra2020/fsm": "^1.2.1",
        "@dra2020/logabstract": "^1.0.14",
        "@dra2020/storage": "^1.3.1",
        "@dra2020/util": "^1.0.29"
      }
    },
    "@dra2020/dbdynamo": {
      "version": "1.0.19",
      "resolved": "https://registry.npmjs.org/@dra2020/dbdynamo/-/dbdynamo-1.0.19.tgz",
      "integrity": "sha512-UN14SZpp/8tfa3VIT/T2deYL9IWSeLBltRexnJM5uFX811IkaI2rL0/XVzl9ZliZE+2PKQSXlOdrdkUHocMCqw==",
      "requires": {
        "@dra2020/context": "^1.0.14",
        "@dra2020/dbabstract": "^1.4.2",
        "@dra2020/dra-types": "^1.4.5",
        "@dra2020/fsm": "^1.3.1",
        "@dra2020/logabstract": "^1.0.15",
        "@dra2020/logclient": "^1.0.12",
        "@dra2020/storage": "^1.5.2",
        "@dra2020/util": "^1.0.49",
        "aws-sdk": "^2.656.0"
      }
    },
    "@dra2020/dra-types": {
      "version": "1.4.9",
      "resolved": "https://registry.npmjs.org/@dra2020/dra-types/-/dra-types-1.4.9.tgz",
      "integrity": "sha512-GsadS2R1b5cgFwopKwDrMP27p7h2bs8zLS/gxvNCrffR5pSFNekSmjxe+TUch1ASK/eIdkLu0Jbs71y8wundPw==",
      "requires": {
        "@dra2020/util": "^1.0.40",
        "object-hash": "^2.0.0"
      }
    },
    "@dra2020/fsm": {
      "version": "1.3.1",
      "resolved": "https://registry.npmjs.org/@dra2020/fsm/-/fsm-1.3.1.tgz",
      "integrity": "sha512-kislXcrYlYR5yeBK3uYj3N+/oZCJrokc6Ap8HG8q7uXuT7ZXr+hIXkwnDtlE/HbL/b5p3LnUxtOBhKHAPW8R4Q==",
      "requires": {
        "@dra2020/util": "^1.0.40"
      }
    },
    "@dra2020/fsmfile": {
      "version": "1.1.2",
      "resolved": "https://registry.npmjs.org/@dra2020/fsmfile/-/fsmfile-1.1.2.tgz",
      "integrity": "sha512-Y8/9y09wTSQrw7cJHAz13LIwDzG5KUMSaFhTJ7zY9nGtscDM3z4M+FkDTgMX2UHD4VCl8yJhhm7Q+d4P44C0Bg==",
      "requires": {
        "@dra2020/context": "^1.0.14",
        "@dra2020/fsm": "^1.3.1",
        "@dra2020/jsonstream": "^1.1.4",
        "@dra2020/logabstract": "^1.0.15",
        "@dra2020/util": "^1.0.49"
      }
    },
    "@dra2020/jsonstream": {
      "version": "1.1.4",
      "resolved": "https://registry.npmjs.org/@dra2020/jsonstream/-/jsonstream-1.1.4.tgz",
      "integrity": "sha512-01spjzAA1H/x8WDBtgLK2mihKSuHYewQh0FtXJz3vKDFKh33z6x5xgvK9/Nhi6GhYqSAefgmQBFDdyr+JJwFZg==",
      "requires": {
        "@dra2020/util": "^1.0.49"
      }
    },
    "@dra2020/lambda": {
      "version": "1.0.9",
      "resolved": "https://registry.npmjs.org/@dra2020/lambda/-/lambda-1.0.9.tgz",
      "integrity": "sha512-+HUtoF4K0Qq/5fk08ZT/pcCf7nnJkUfwpsGRFqH1AZIzCW32ac6ct9UNUhrnBcLgYX6VnUwyfhv0cNzqCAZRKQ==",
      "requires": {
        "@dra2020/context": "^1.0.14",
        "@dra2020/fsm": "^1.3.1",
        "@dra2020/logabstract": "^1.0.15",
        "@dra2020/util": "^1.0.49",
        "aws-sdk": "^2.656.0"
      }
    },
    "@dra2020/logabstract": {
      "version": "1.0.15",
      "resolved": "https://registry.npmjs.org/@dra2020/logabstract/-/logabstract-1.0.15.tgz",
      "integrity": "sha512-mbIEnmsZcino5gnM8XuxZ7i7iaOX10GUnupRf9RhH3kO9LAi+Gfxy+vZjHTD422/sRCPwmGIrLBr6jv3eJ6twQ==",
      "requires": {
        "@dra2020/context": "^1.0.14",
        "@dra2020/fsm": "^1.3.1",
        "@dra2020/util": "^1.0.48"
      }
    },
    "@dra2020/logclient": {
      "version": "1.0.12",
      "resolved": "https://registry.npmjs.org/@dra2020/logclient/-/logclient-1.0.12.tgz",
      "integrity": "sha512-SnBCxoKL6vHdyjQbWNP/8FMJQZhCqDYlTw1ZW90bQGfcAFzAcWrdPh6fwW4H6JhUH0r0fAcqGqPnZmnQtl1cKA==",
      "requires": {
        "@dra2020/context": "^1.0.14",
        "@dra2020/fsm": "^1.3.1",
        "@dra2020/logabstract": "^1.0.15",
        "@dra2020/util": "^1.0.48"
      }
    },
    "@dra2020/logserver": {
      "version": "1.2.11",
      "resolved": "https://registry.npmjs.org/@dra2020/logserver/-/logserver-1.2.11.tgz",
      "integrity": "sha512-69+Ye4W/5TTwuk2pK+ugDw4IiXrVEItBrBw2qBowSuhcE8SxM49o8CnvbAQhHfUp0DaNGH3NLYw3aREShE6PLQ==",
      "requires": {
        "@dra2020/context": "^1.0.14",
        "@dra2020/fsm": "^1.3.1",
        "@dra2020/fsmfile": "^1.1.2",
        "@dra2020/jsonstream": "^1.1.4",
        "@dra2020/logabstract": "^1.0.15",
        "@dra2020/storage": "^1.5.2",
        "@dra2020/util": "^1.0.49"
      }
    },
    "@dra2020/ot-editutil": {
      "version": "2.1.6",
      "resolved": "https://registry.npmjs.org/@dra2020/ot-editutil/-/ot-editutil-2.1.6.tgz",
      "integrity": "sha512-OK0ka5aKSd96JVOo/gajkjVwHYoHY5/GAQtLsmGFEys3xVqFZrERfPHhtE2FxydSsYAryZB/3p1pCiumf44xBg==",
      "requires": {
        "@dra2020/context": "^1.0.14",
        "@dra2020/logabstract": "^1.0.15",
        "@dra2020/logclient": "^1.0.12",
        "@dra2020/ot-js": "^2.0.47",
        "@dra2020/util": "^1.0.50",
        "diff-match-patch": "^1.0.4"
      }
    },
    "@dra2020/ot-js": {
      "version": "2.0.47",
      "resolved": "https://registry.npmjs.org/@dra2020/ot-js/-/ot-js-2.0.47.tgz",
      "integrity": "sha512-E1LTwwNhVZYdUGRWTfUinJ9t+xOzLCRqLyhHVafm3GZ5pQBoS1vmMHTcoTn+XPQHF4IQ0/41Bmbd6ORR+d+kLA==",
      "requires": {
        "@dra2020/context": "^1.0.14",
        "@dra2020/logabstract": "^1.0.15",
        "@dra2020/logclient": "^1.0.12",
        "@dra2020/util": "^1.0.50"
      }
    },
    "@dra2020/poly": {
      "version": "1.0.47",
      "resolved": "https://registry.npmjs.org/@dra2020/poly/-/poly-1.0.47.tgz",
      "integrity": "sha512-4r50fATQSWoAKB2edOUsfzeCmvbM/1L64FeaDPxn+JsrNT7cO6mqjewAMNc3TGX7un5X7v172afCVqaa4YEJ/Q==",
      "requires": {
        "@dra2020/fsm": "^1.2.1",
        "@dra2020/util": "^1.0.40",
        "geojson": "^0.5.0",
        "object-hash": "^1.3.1",
        "polygon-clipping": "^0.14.3",
        "tinyqueue": "^2.0.3"
      },
      "dependencies": {
        "object-hash": {
          "version": "1.3.1",
          "resolved": "https://registry.npmjs.org/object-hash/-/object-hash-1.3.1.tgz",
          "integrity": "sha512-OSuu/pU4ENM9kmREg0BdNrUDIl1heYa4mBZacJc+vVWz4GtAwu7jO8s4AIt2aGRUTqxykpWzI3Oqnsm13tTMDA=="
        }
      }
    },
    "@dra2020/storage": {
      "version": "1.5.3",
      "resolved": "https://registry.npmjs.org/@dra2020/storage/-/storage-1.5.3.tgz",
      "integrity": "sha512-F0XyCOYMQuZ/yDS8KEHsRE1XmpX7/YPdS+FN0oJYN8tjLaAoULDOlUUIfUAh8BnuiKODkcnmDorcd6Q2wQlamQ==",
      "requires": {
        "@dra2020/context": "^1.0.14",
        "@dra2020/fsm": "^1.3.1",
        "@dra2020/logabstract": "^1.0.15",
        "@dra2020/util": "^1.0.50"
      }
    },
    "@dra2020/storages3": {
      "version": "1.2.5",
      "resolved": "https://registry.npmjs.org/@dra2020/storages3/-/storages3-1.2.5.tgz",
      "integrity": "sha512-Dqj9XaS3x+fPVZZo1myNXdaMm/JQjROIf7G0+GpPUV0MY+UZtkMmWLU683DHyqHTNv/vVD9HVui9DpyrmU11iA==",
      "requires": {
        "@dra2020/context": "^1.0.14",
        "@dra2020/fsm": "^1.3.1",
        "@dra2020/fsmfile": "^1.1.2",
        "@dra2020/jsonstream": "^1.1.4",
        "@dra2020/logabstract": "^1.0.15",
        "@dra2020/storage": "^1.5.3",
        "@dra2020/util": "^1.0.50",
        "aws-sdk": "^2.656.0"
      }
    },
    "@dra2020/util": {
      "version": "1.0.50",
      "resolved": "https://registry.npmjs.org/@dra2020/util/-/util-1.0.50.tgz",
      "integrity": "sha512-RT6qHHJSK1g/qQyg4e6y7FE8T4qzr2ANxIv9GjuBYr077SjMlvG25qQGfbvaFXjFSQavWXOGSYYFaGUDCk1nxA=="
    },
    "aws-sdk": {
      "version": "2.666.0",
      "resolved": "https://registry.npmjs.org/aws-sdk/-/aws-sdk-2.666.0.tgz",
      "integrity": "sha512-m4m4eHs/F7SRW0OnvxRWyrAyqcQE7kyVnfwyrhA7P0w92FOmmu+tw6JKI5LZNVBsaj2VBAfPn72V6nWzP3IIlw==",
      "requires": {
        "buffer": "4.9.1",
        "events": "1.1.1",
        "ieee754": "1.1.13",
        "jmespath": "0.15.0",
        "querystring": "0.2.0",
        "sax": "1.2.1",
        "url": "0.10.3",
        "uuid": "3.3.2",
        "xml2js": "0.4.19"
      }
    },
    "base64-js": {
      "version": "1.3.1",
      "resolved": "https://registry.npmjs.org/base64-js/-/base64-js-1.3.1.tgz",
      "integrity": "sha512-mLQ4i2QO1ytvGWFWmcngKO//JXAQueZvwEKtjgQFM4jIK0kU+ytMfplL8j+n5mspOfjHwoAg+9yhb7BwAHm36g=="
    },
    "buffer": {
      "version": "4.9.1",
      "resolved": "https://registry.npmjs.org/buffer/-/buffer-4.9.1.tgz",
      "integrity": "sha1-bRu2AbB6TvztlwlBMgkwJ8lbwpg=",
      "requires": {
        "base64-js": "^1.0.2",
        "ieee754": "^1.1.4",
        "isarray": "^1.0.0"
      }
    },
    "diff-match-patch": {
      "version": "1.0.4",
      "resolved": "https://registry.npmjs.org/diff-match-patch/-/diff-match-patch-1.0.4.tgz",
      "integrity": "sha512-Uv3SW8bmH9nAtHKaKSanOQmj2DnlH65fUpcrMdfdaOxUG02QQ4YGZ8AE7kKOMisF7UqvOlGKVYWRvezdncW9lg=="
    },
    "events": {
      "version": "1.1.1",
      "resolved": "https://registry.npmjs.org/events/-/events-1.1.1.tgz",
      "integrity": "sha1-nr23Y1rQmccNzEwqH1AEKI6L2SQ="
    },
    "geojson": {
      "version": "0.5.0",
      "resolved": "https://registry.npmjs.org/geojson/-/geojson-0.5.0.tgz",
      "integrity": "sha1-PNbJY5m+ZbVu5VWWEW/pGRznAcA="
    },
    "ieee754": {
      "version": "1.1.13",
      "resolved": "https://registry.npmjs.org/ieee754/-/ieee754-1.1.13.tgz",
      "integrity": "sha512-4vf7I2LYV/HaWerSo3XmlMkp5eZ83i+/CDluXi/IGTs/O1sejBNhTtnxzmRZfvOUqj7lZjqHkeTvpgSFDlWZTg=="
    },
    "isarray": {
      "version": "1.0.0",
      "resolved": "https://registry.npmjs.org/isarray/-/isarray-1.0.0.tgz",
      "integrity": "sha1-u5NdSFgsuhaMBoNJV6VKPgcSTxE="
    },
    "jmespath": {
      "version": "0.15.0",
      "resolved": "https://registry.npmjs.org/jmespath/-/jmespath-0.15.0.tgz",
      "integrity": "sha1-o/Iiqarp+Wb10nx5ZRDigJF2Qhc="
    },
    "object-hash": {
      "version": "2.0.3",
      "resolved": "https://registry.npmjs.org/object-hash/-/object-hash-2.0.3.tgz",
      "integrity": "sha512-JPKn0GMu+Fa3zt3Bmr66JhokJU5BaNBIh4ZeTlaCBzrBsOeXzwcKKAK1tbLiPKgvwmPXsDvvLHoWh5Bm7ofIYg=="
    },
    "polygon-clipping": {
      "version": "0.14.3",
      "resolved": "https://registry.npmjs.org/polygon-clipping/-/polygon-clipping-0.14.3.tgz",
      "integrity": "sha512-bIaMFYIsHOShMN0JZsvkfk66S7gKMQMlYUpV7LIx+WOBYvJT09eCgoAv2JCDNj6SofA4+o5tlmV76zzUiG4aBQ==",
      "requires": {
        "splaytree": "^3.0.1"
      }
    },
    "punycode": {
      "version": "1.3.2",
      "resolved": "https://registry.npmjs.org/punycode/-/punycode-1.3.2.tgz",
      "integrity": "sha1-llOgNvt8HuQjQvIyXM7v6jkmxI0="
    },
    "querystring": {
      "version": "0.2.0",
      "resolved": "https://registry.npmjs.org/querystring/-/querystring-0.2.0.tgz",
      "integrity": "sha1-sgmEkgO7Jd+CDadW50cAWHhSFiA="
    },
    "sax": {
      "version": "1.2.1",
      "resolved": "https://registry.npmjs.org/sax/-/sax-1.2.1.tgz",
      "integrity": "sha1-e45lYZCyKOgaZq6nSEgNgozS03o="
    },
    "splaytree": {
      "version": "3.0.1",
      "resolved": "https://registry.npmjs.org/splaytree/-/splaytree-3.0.1.tgz",
      "integrity": "sha512-WvQIHRDXLSVn72xjlIG/WGhv/4QO3m+iY2TpVdFRaXd1+/vkNlpkpw1QaNH5taghF9eWXDHWMWnzXyicR8d6ig=="
    },
    "tinyqueue": {
      "version": "2.0.3",
      "resolved": "https://registry.npmjs.org/tinyqueue/-/tinyqueue-2.0.3.tgz",
      "integrity": "sha512-ppJZNDuKGgxzkHihX8v9v9G5f+18gzaTfrukGrq6ueg0lmH4nqVnA2IPG0AEH3jKEk2GRJCUhDoqpoiw3PHLBA=="
    },
    "url": {
      "version": "0.10.3",
      "resolved": "https://registry.npmjs.org/url/-/url-0.10.3.tgz",
      "integrity": "sha1-Ah5NnHcF8hu/N9A861h2dAJ3TGQ=",
      "requires": {
        "punycode": "1.3.2",
        "querystring": "0.2.0"
      }
    },
    "uuid": {
      "version": "3.3.2",
      "resolved": "https://registry.npmjs.org/uuid/-/uuid-3.3.2.tgz",
      "integrity": "sha512-yXJmeNaw3DnnKAOKJE51sL/ZaYfWJRl1pK9dr19YFCu0ObS231AB1/LbqTKRAQ5kw8A90rA6fr4riOUpTZvQZA=="
    },
    "xml2js": {
      "version": "0.4.19",
      "resolved": "https://registry.npmjs.org/xml2js/-/xml2js-0.4.19.tgz",
      "integrity": "sha512-esZnJZJOiJR9wWKMyuvSE1y6Dq5LCuJanqhxslH2bxM6duahNZ+HMpCLhBQGZkbX6xRf8x1Y2eJlgt2q3qo49Q==",
      "requires": {
        "sax": ">=0.6.0",
        "xmlbuilder": "~9.0.1"
      }
    },
    "xmlbuilder": {
      "version": "9.0.7",
      "resolved": "https://registry.npmjs.org/xmlbuilder/-/xmlbuilder-9.0.7.tgz",
      "integrity": "sha1-Ey7mPS7FVlxVfiD0wi35rKaGsQ0="
    }
  }
}
